
Microsoft Visual Studio Solution File, Format Version 12.00
# Visual Studio Version 17
VisualStudioVersion = 17.5.002.0
MinimumVisualStudioVersion = 10.0.40219.1
Project("{9A19103F-16F7-4668-BE54-9A1E7A4F7556}") = "game", "buildACreature\game.csproj", "{CF490F22-4A9F-4AC6-89EB-54665A4855B8}"
EndProject
Global
	GlobalSection(SolutionConfigurationPlatforms) = preSolution
		Debug|Any CPU = Debug|Any CPU
		Release|Any CPU = Release|Any CPU
	EndGlobalSection
	GlobalSection(ProjectConfigurationPlatforms) = postSolution
		{CF490F22-4A9F-4AC6-89EB-54665A4855B8}.Debug|Any CPU.ActiveCfg = Debug|Any CPU
		{CF490F22-4A9F-4AC6-89EB-54665A4855B8}.Debug|Any CPU.Build.0 = Debug|Any CPU
		{CF490F22-4A9F-4AC6-89EB-54665A4855B8}.Release|Any CPU.ActiveCfg = Release|Any CPU
		{CF490F22-4A9F-4AC6-89EB-54665A4855B8}.Release|Any CPU.Build.0 = Release|Any CPU
	EndGlobalSection
	GlobalSection(SolutionProperties) = preSolution
		HideSolutionNode = FALSE
	EndGlobalSection
	GlobalSection(ExtensibilityGlobals) = postSolution
		SolutionGuid = {2590DA75-06D9-4543-9ED9-07BDA30F0A11}
	EndGlobalSection
EndGlobal
